
Microsoft Visual Studio Solution File, Format Version 11.00
# Visual Studio 2010
Project("{FAE04EC0-301F-11D3-BF4B-00C04F79EFBC}") = "SchemaCreator", "SchemaCreator\SchemaCreator.csproj", "{0384B49D-5A23-43D2-89F3-26867B2D59E4}"
EndProject
Project("{FAE04EC0-301F-11D3-BF4B-00C04F79EFBC}") = "Core", "Core\Core.csproj", "{8A352CDF-780E-4BA8-939D-088EA47E9DE1}"
EndProject
Project("{FAE04EC0-301F-11D3-BF4B-00C04F79EFBC}") = "Infrastructure.NHibernate", "Infrastructure.NHibernate\Infrastructure.NHibernate.csproj", "{C1A68277-2202-4C2F-BA5A-BB95025F6BD7}"
EndProject
Project("{FAE04EC0-301F-11D3-BF4B-00C04F79EFBC}") = "IntegrationTest", "IntegrationTest\IntegrationTest.csproj", "{4F887444-16C2-4E33-92A0-1942D602DFA9}"
EndProject
Project("{FAE04EC0-301F-11D3-BF4B-00C04F79EFBC}") = "UserInterface", "UserInterface\UserInterface.csproj", "{2F250EB2-A8F9-4E03-AE7D-EA9BBB30BD13}"
EndProject
Project("{FAE04EC0-301F-11D3-BF4B-00C04F79EFBC}") = "DependencyResolution", "DependencyResolution\DependencyResolution.csproj", "{6B7B5FAF-5256-4435-A886-EF6A942E0802}"
EndProject
Project("{FAE04EC0-301F-11D3-BF4B-00C04F79EFBC}") = "Infrastructure.Automapper", "Infrastructure.Automapper\Infrastructure.Automapper.csproj", "{EB572A45-CC26-4F08-9169-55BBBC5540DB}"
EndProject
Project("{2150E333-8FDC-42A3-9474-1A3956D46DE8}") = "Tests", "Tests", "{D5FF7BE2-37C0-42D6-92D0-279180A47B73}"
EndProject
Project("{FAE04EC0-301F-11D3-BF4B-00C04F79EFBC}") = "Infrastructure.CommandProcessor", "Infrastructure.CommandProcessor\Infrastructure.CommandProcessor.csproj", "{D8A7D90A-AD0C-4F7F-B063-7ED53FD7A375}"
EndProject
Project("{FAE04EC0-301F-11D3-BF4B-00C04F79EFBC}") = "CommandProcessor", "CommandProcessor\CommandProcessor\CommandProcessor.csproj", "{37A1D1C4-5C10-4DC8-9972-DEBBBD80BB7C}"
EndProject
Global
	GlobalSection(SolutionConfigurationPlatforms) = preSolution
		Debug|Any CPU = Debug|Any CPU
		Debug|Mixed Platforms = Debug|Mixed Platforms
		Debug|x86 = Debug|x86
		Release|Any CPU = Release|Any CPU
		Release|Mixed Platforms = Release|Mixed Platforms
		Release|x86 = Release|x86
	EndGlobalSection
	GlobalSection(ProjectConfigurationPlatforms) = postSolution
		{0384B49D-5A23-43D2-89F3-26867B2D59E4}.Debug|Any CPU.ActiveCfg = Debug|Any CPU
		{0384B49D-5A23-43D2-89F3-26867B2D59E4}.Debug|Any CPU.Build.0 = Debug|Any CPU
		{0384B49D-5A23-43D2-89F3-26867B2D59E4}.Debug|Mixed Platforms.ActiveCfg = Debug|Any CPU
		{0384B49D-5A23-43D2-89F3-26867B2D59E4}.Debug|Mixed Platforms.Build.0 = Debug|Any CPU
		{0384B49D-5A23-43D2-89F3-26867B2D59E4}.Debug|x86.ActiveCfg = Debug|Any CPU
		{0384B49D-5A23-43D2-89F3-26867B2D59E4}.Release|Any CPU.ActiveCfg = Release|Any CPU
		{0384B49D-5A23-43D2-89F3-26867B2D59E4}.Release|Any CPU.Build.0 = Release|Any CPU
		{0384B49D-5A23-43D2-89F3-26867B2D59E4}.Release|Mixed Platforms.ActiveCfg = Release|Any CPU
		{0384B49D-5A23-43D2-89F3-26867B2D59E4}.Release|Mixed Platforms.Build.0 = Release|Any CPU
		{0384B49D-5A23-43D2-89F3-26867B2D59E4}.Release|x86.ActiveCfg = Release|Any CPU
		{8A352CDF-780E-4BA8-939D-088EA47E9DE1}.Debug|Any CPU.ActiveCfg = Debug|Any CPU
		{8A352CDF-780E-4BA8-939D-088EA47E9DE1}.Debug|Any CPU.Build.0 = Debug|Any CPU
		{8A352CDF-780E-4BA8-939D-088EA47E9DE1}.Debug|Mixed Platforms.ActiveCfg = Debug|Any CPU
		{8A352CDF-780E-4BA8-939D-088EA47E9DE1}.Debug|Mixed Platforms.Build.0 = Debug|Any CPU
		{8A352CDF-780E-4BA8-939D-088EA47E9DE1}.Debug|x86.ActiveCfg = Debug|Any CPU
		{8A352CDF-780E-4BA8-939D-088EA47E9DE1}.Release|Any CPU.ActiveCfg = Release|Any CPU
		{8A352CDF-780E-4BA8-939D-088EA47E9DE1}.Release|Any CPU.Build.0 = Release|Any CPU
		{8A352CDF-780E-4BA8-939D-088EA47E9DE1}.Release|Mixed Platforms.ActiveCfg = Release|Any CPU
		{8A352CDF-780E-4BA8-939D-088EA47E9DE1}.Release|Mixed Platforms.Build.0 = Release|Any CPU
		{8A352CDF-780E-4BA8-939D-088EA47E9DE1}.Release|x86.ActiveCfg = Release|Any CPU
		{C1A68277-2202-4C2F-BA5A-BB95025F6BD7}.Debug|Any CPU.ActiveCfg = Debug|Any CPU
		{C1A68277-2202-4C2F-BA5A-BB95025F6BD7}.Debug|Any CPU.Build.0 = Debug|Any CPU
		{C1A68277-2202-4C2F-BA5A-BB95025F6BD7}.Debug|Mixed Platforms.ActiveCfg = Debug|Any CPU
		{C1A68277-2202-4C2F-BA5A-BB95025F6BD7}.Debug|Mixed Platforms.Build.0 = Debug|Any CPU
		{C1A68277-2202-4C2F-BA5A-BB95025F6BD7}.Debug|x86.ActiveCfg = Debug|Any CPU
		{C1A68277-2202-4C2F-BA5A-BB95025F6BD7}.Release|Any CPU.ActiveCfg = Release|Any CPU
		{C1A68277-2202-4C2F-BA5A-BB95025F6BD7}.Release|Any CPU.Build.0 = Release|Any CPU
		{C1A68277-2202-4C2F-BA5A-BB95025F6BD7}.Release|Mixed Platforms.ActiveCfg = Release|Any CPU
		{C1A68277-2202-4C2F-BA5A-BB95025F6BD7}.Release|Mixed Platforms.Build.0 = Release|Any CPU
		{C1A68277-2202-4C2F-BA5A-BB95025F6BD7}.Release|x86.ActiveCfg = Release|Any CPU
		{4F887444-16C2-4E33-92A0-1942D602DFA9}.Debug|Any CPU.ActiveCfg = Debug|Any CPU
		{4F887444-16C2-4E33-92A0-1942D602DFA9}.Debug|Any CPU.Build.0 = Debug|Any CPU
		{4F887444-16C2-4E33-92A0-1942D602DFA9}.Debug|Mixed Platforms.ActiveCfg = Debug|Any CPU
		{4F887444-16C2-4E33-92A0-1942D602DFA9}.Debug|Mixed Platforms.Build.0 = Debug|Any CPU
		{4F887444-16C2-4E33-92A0-1942D602DFA9}.Debug|x86.ActiveCfg = Debug|Any CPU
		{4F887444-16C2-4E33-92A0-1942D602DFA9}.Release|Any CPU.ActiveCfg = Release|Any CPU
		{4F887444-16C2-4E33-92A0-1942D602DFA9}.Release|Any CPU.Build.0 = Release|Any CPU
		{4F887444-16C2-4E33-92A0-1942D602DFA9}.Release|Mixed Platforms.ActiveCfg = Release|Any CPU
		{4F887444-16C2-4E33-92A0-1942D602DFA9}.Release|Mixed Platforms.Build.0 = Release|Any CPU
		{4F887444-16C2-4E33-92A0-1942D602DFA9}.Release|x86.ActiveCfg = Release|Any CPU
		{2F250EB2-A8F9-4E03-AE7D-EA9BBB30BD13}.Debug|Any CPU.ActiveCfg = Debug|Any CPU
		{2F250EB2-A8F9-4E03-AE7D-EA9BBB30BD13}.Debug|Any CPU.Build.0 = Debug|Any CPU
		{2F250EB2-A8F9-4E03-AE7D-EA9BBB30BD13}.Debug|Mixed Platforms.ActiveCfg = Debug|Any CPU
		{2F250EB2-A8F9-4E03-AE7D-EA9BBB30BD13}.Debug|Mixed Platforms.Build.0 = Debug|Any CPU
		{2F250EB2-A8F9-4E03-AE7D-EA9BBB30BD13}.Debug|x86.ActiveCfg = Debug|Any CPU
		{2F250EB2-A8F9-4E03-AE7D-EA9BBB30BD13}.Release|Any CPU.ActiveCfg = Release|Any CPU
		{2F250EB2-A8F9-4E03-AE7D-EA9BBB30BD13}.Release|Any CPU.Build.0 = Release|Any CPU
		{2F250EB2-A8F9-4E03-AE7D-EA9BBB30BD13}.Release|Mixed Platforms.ActiveCfg = Release|Any CPU
		{2F250EB2-A8F9-4E03-AE7D-EA9BBB30BD13}.Release|Mixed Platforms.Build.0 = Release|Any CPU
		{2F250EB2-A8F9-4E03-AE7D-EA9BBB30BD13}.Release|x86.ActiveCfg = Release|Any CPU
		{6B7B5FAF-5256-4435-A886-EF6A942E0802}.Debug|Any CPU.ActiveCfg = Debug|Any CPU
		{6B7B5FAF-5256-4435-A886-EF6A942E0802}.Debug|Any CPU.Build.0 = Debug|Any CPU
		{6B7B5FAF-5256-4435-A886-EF6A942E0802}.Debug|Mixed Platforms.ActiveCfg = Debug|Any CPU
		{6B7B5FAF-5256-4435-A886-EF6A942E0802}.Debug|Mixed Platforms.Build.0 = Debug|Any CPU
		{6B7B5FAF-5256-4435-A886-EF6A942E0802}.Debug|x86.ActiveCfg = Debug|Any CPU
		{6B7B5FAF-5256-4435-A886-EF6A942E0802}.Release|Any CPU.ActiveCfg = Release|Any CPU
		{6B7B5FAF-5256-4435-A886-EF6A942E0802}.Release|Any CPU.Build.0 = Release|Any CPU
		{6B7B5FAF-5256-4435-A886-EF6A942E0802}.Release|Mixed Platforms.ActiveCfg = Release|Any CPU
		{6B7B5FAF-5256-4435-A886-EF6A942E0802}.Release|Mixed Platforms.Build.0 = Release|Any CPU
		{6B7B5FAF-5256-4435-A886-EF6A942E0802}.Release|x86.ActiveCfg = Release|Any CPU
		{EB572A45-CC26-4F08-9169-55BBBC5540DB}.Debug|Any CPU.ActiveCfg = Debug|Any CPU
		{EB572A45-CC26-4F08-9169-55BBBC5540DB}.Debug|Any CPU.Build.0 = Debug|Any CPU
		{EB572A45-CC26-4F08-9169-55BBBC5540DB}.Debug|Mixed Platforms.ActiveCfg = Debug|Any CPU
		{EB572A45-CC26-4F08-9169-55BBBC5540DB}.Debug|Mixed Platforms.Build.0 = Debug|Any CPU
		{EB572A45-CC26-4F08-9169-55BBBC5540DB}.Debug|x86.ActiveCfg = Debug|Any CPU
		{EB572A45-CC26-4F08-9169-55BBBC5540DB}.Release|Any CPU.ActiveCfg = Release|Any CPU
		{EB572A45-CC26-4F08-9169-55BBBC5540DB}.Release|Any CPU.Build.0 = Release|Any CPU
		{EB572A45-CC26-4F08-9169-55BBBC5540DB}.Release|Mixed Platforms.ActiveCfg = Release|Any CPU
		{EB572A45-CC26-4F08-9169-55BBBC5540DB}.Release|Mixed Platforms.Build.0 = Release|Any CPU
		{EB572A45-CC26-4F08-9169-55BBBC5540DB}.Release|x86.ActiveCfg = Release|Any CPU
		{D8A7D90A-AD0C-4F7F-B063-7ED53FD7A375}.Debug|Any CPU.ActiveCfg = Debug|x86
		{D8A7D90A-AD0C-4F7F-B063-7ED53FD7A375}.Debug|Mixed Platforms.ActiveCfg = Debug|x86
		{D8A7D90A-AD0C-4F7F-B063-7ED53FD7A375}.Debug|Mixed Platforms.Build.0 = Debug|x86
		{D8A7D90A-AD0C-4F7F-B063-7ED53FD7A375}.Debug|x86.ActiveCfg = Debug|x86
		{D8A7D90A-AD0C-4F7F-B063-7ED53FD7A375}.Debug|x86.Build.0 = Debug|x86
		{D8A7D90A-AD0C-4F7F-B063-7ED53FD7A375}.Release|Any CPU.ActiveCfg = Release|x86
		{D8A7D90A-AD0C-4F7F-B063-7ED53FD7A375}.Release|Mixed Platforms.ActiveCfg = Release|x86
		{D8A7D90A-AD0C-4F7F-B063-7ED53FD7A375}.Release|Mixed Platforms.Build.0 = Release|x86
		{D8A7D90A-AD0C-4F7F-B063-7ED53FD7A375}.Release|x86.ActiveCfg = Release|x86
		{D8A7D90A-AD0C-4F7F-B063-7ED53FD7A375}.Release|x86.Build.0 = Release|x86
		{37A1D1C4-5C10-4DC8-9972-DEBBBD80BB7C}.Debug|Any CPU.ActiveCfg = Debug|Any CPU
		{37A1D1C4-5C10-4DC8-9972-DEBBBD80BB7C}.Debug|Any CPU.Build.0 = Debug|Any CPU
		{37A1D1C4-5C10-4DC8-9972-DEBBBD80BB7C}.Debug|Mixed Platforms.ActiveCfg = Debug|Any CPU
		{37A1D1C4-5C10-4DC8-9972-DEBBBD80BB7C}.Debug|Mixed Platforms.Build.0 = Debug|Any CPU
		{37A1D1C4-5C10-4DC8-9972-DEBBBD80BB7C}.Debug|x86.ActiveCfg = Debug|Any CPU
		{37A1D1C4-5C10-4DC8-9972-DEBBBD80BB7C}.Release|Any CPU.ActiveCfg = Release|Any CPU
		{37A1D1C4-5C10-4DC8-9972-DEBBBD80BB7C}.Release|Any CPU.Build.0 = Release|Any CPU
		{37A1D1C4-5C10-4DC8-9972-DEBBBD80BB7C}.Release|Mixed Platforms.ActiveCfg = Release|Any CPU
		{37A1D1C4-5C10-4DC8-9972-DEBBBD80BB7C}.Release|Mixed Platforms.Build.0 = Release|Any CPU
		{37A1D1C4-5C10-4DC8-9972-DEBBBD80BB7C}.Release|x86.ActiveCfg = Release|Any CPU
	EndGlobalSection
	GlobalSection(SolutionProperties) = preSolution
		HideSolutionNode = FALSE
	EndGlobalSection
	GlobalSection(NestedProjects) = preSolution
		{4F887444-16C2-4E33-92A0-1942D602DFA9} = {D5FF7BE2-37C0-42D6-92D0-279180A47B73}
	EndGlobalSection
	GlobalSection(ExtensibilityGlobals) = postSolution
		VisualSVNWorkingCopyRoot = .
	EndGlobalSection
EndGlobal
